
Microsoft Visual Studio Solution File, Format Version 12.00
# Visual Studio 2013
VisualStudioVersion = 12.0.31101.0
MinimumVisualStudioVersion = 10.0.40219.1
Project("{2150E333-8FDC-42A3-9474-1A3956D46DE8}") = "BusinessLayer", "BusinessLayer", "{65433F1E-4695-4170-A460-D37132C01CA7}"
EndProject
Project("{2150E333-8FDC-42A3-9474-1A3956D46DE8}") = "CommonLayer", "CommonLayer", "{29270270-E535-4B22-AC27-6578598262BF}"
EndProject
Project("{2150E333-8FDC-42A3-9474-1A3956D46DE8}") = "DataLayer", "DataLayer", "{525221E1-188F-4D49-B33E-BF757CE6C43C}"
EndProject
Project("{2150E333-8FDC-42A3-9474-1A3956D46DE8}") = "EntityLayer", "EntityLayer", "{16B14F30-155A-4382-9FC3-8A266DDCAACA}"
EndProject
Project("{2150E333-8FDC-42A3-9474-1A3956D46DE8}") = "PresentationLayer", "PresentationLayer", "{766B391A-F046-44A1-8DB2-C929BFEC0AD4}"
EndProject
Project("{FAE04EC0-301F-11D3-BF4B-00C04F79EFBC}") = "CBS.Payment.DTO", "EntityLayer\CBS.Payment.DTO\CBS.Payment.DTO.csproj", "{732178B8-A354-486E-8876-7AAEE4674966}"
EndProject
Project("{FAE04EC0-301F-11D3-BF4B-00C04F79EFBC}") = "CBS.Payment.Entity", "EntityLayer\CBS.Payment.Entity\CBS.Payment.Entity.csproj", "{E2AB4F3F-C22A-4459-802F-9AADA83CB6FB}"
EndProject
Project("{FAE04EC0-301F-11D3-BF4B-00C04F79EFBC}") = "CBS.Payment.Notify", "PresentationLayer\CBS.Payment.Notify\CBS.Payment.Notify.csproj", "{075980B1-49E4-477C-9D37-8A685D0B1B5D}"
	ProjectSection(ProjectDependencies) = postProject
		{933FCD81-737B-499F-A1F9-964289B8CF20} = {933FCD81-737B-499F-A1F9-964289B8CF20}
	EndProjectSection
EndProject
Project("{FAE04EC0-301F-11D3-BF4B-00C04F79EFBC}") = "CBS.Payment.Business", "BusinessLayer\CBS.Payment.Business\CBS.Payment.Business.csproj", "{4B82B9B6-47A2-4304-8C12-785B23759EF3}"
EndProject
Project("{FAE04EC0-301F-11D3-BF4B-00C04F79EFBC}") = "CBS.Payment.Utility", "CommonLayer\CBS.Payment.Utility\CBS.Payment.Utility.csproj", "{49650B9D-EBAD-49C6-A4E1-B59A064E90FA}"
EndProject
Project("{FAE04EC0-301F-11D3-BF4B-00C04F79EFBC}") = "CBS.Payment.DB", "DataLayer\CBS.Payment.DB\CBS.Payment.DB.csproj", "{8AD58A93-A709-416D-963E-16473A865EEC}"
EndProject
Project("{FAE04EC0-301F-11D3-BF4B-00C04F79EFBC}") = "CBS.Payment.Alipay", "DataLayer\CBS.Payment.Alipay\CBS.Payment.Alipay.csproj", "{DC69EC0A-5D52-4076-8090-C78B445E5C70}"
EndProject
Project("{FAE04EC0-301F-11D3-BF4B-00C04F79EFBC}") = "CBS.Payment.Tenpay", "DataLayer\CBS.Payment.Tenpay\CBS.Payment.Tenpay.csproj", "{99E4E95A-325E-4C96-821E-44F5CBAACEEC}"
EndProject
Project("{FAE04EC0-301F-11D3-BF4B-00C04F79EFBC}") = "CBS.Payment.Services", "PresentationLayer\CBS.Payment.Services\CBS.Payment.Services.csproj", "{933FCD81-737B-499F-A1F9-964289B8CF20}"
	ProjectSection(ProjectDependencies) = postProject
		{E2AB4F3F-C22A-4459-802F-9AADA83CB6FB} = {E2AB4F3F-C22A-4459-802F-9AADA83CB6FB}
		{8AD58A93-A709-416D-963E-16473A865EEC} = {8AD58A93-A709-416D-963E-16473A865EEC}
	EndProjectSection
EndProject
Global
	GlobalSection(SolutionConfigurationPlatforms) = preSolution
		Debug|Any CPU = Debug|Any CPU
		Release|Any CPU = Release|Any CPU
	EndGlobalSection
	GlobalSection(ProjectConfigurationPlatforms) = postSolution
		{732178B8-A354-486E-8876-7AAEE4674966}.Debug|Any CPU.ActiveCfg = Debug|Any CPU
		{732178B8-A354-486E-8876-7AAEE4674966}.Debug|Any CPU.Build.0 = Debug|Any CPU
		{732178B8-A354-486E-8876-7AAEE4674966}.Release|Any CPU.ActiveCfg = Release|Any CPU
		{732178B8-A354-486E-8876-7AAEE4674966}.Release|Any CPU.Build.0 = Release|Any CPU
		{E2AB4F3F-C22A-4459-802F-9AADA83CB6FB}.Debug|Any CPU.ActiveCfg = Debug|Any CPU
		{E2AB4F3F-C22A-4459-802F-9AADA83CB6FB}.Debug|Any CPU.Build.0 = Debug|Any CPU
		{E2AB4F3F-C22A-4459-802F-9AADA83CB6FB}.Release|Any CPU.ActiveCfg = Release|Any CPU
		{E2AB4F3F-C22A-4459-802F-9AADA83CB6FB}.Release|Any CPU.Build.0 = Release|Any CPU
		{075980B1-49E4-477C-9D37-8A685D0B1B5D}.Debug|Any CPU.ActiveCfg = Debug|Any CPU
		{075980B1-49E4-477C-9D37-8A685D0B1B5D}.Debug|Any CPU.Build.0 = Debug|Any CPU
		{075980B1-49E4-477C-9D37-8A685D0B1B5D}.Release|Any CPU.ActiveCfg = Release|Any CPU
		{075980B1-49E4-477C-9D37-8A685D0B1B5D}.Release|Any CPU.Build.0 = Release|Any CPU
		{4B82B9B6-47A2-4304-8C12-785B23759EF3}.Debug|Any CPU.ActiveCfg = Debug|Any CPU
		{4B82B9B6-47A2-4304-8C12-785B23759EF3}.Debug|Any CPU.Build.0 = Debug|Any CPU
		{4B82B9B6-47A2-4304-8C12-785B23759EF3}.Release|Any CPU.ActiveCfg = Release|Any CPU
		{4B82B9B6-47A2-4304-8C12-785B23759EF3}.Release|Any CPU.Build.0 = Release|Any CPU
		{49650B9D-EBAD-49C6-A4E1-B59A064E90FA}.Debug|Any CPU.ActiveCfg = Debug|Any CPU
		{49650B9D-EBAD-49C6-A4E1-B59A064E90FA}.Debug|Any CPU.Build.0 = Debug|Any CPU
		{49650B9D-EBAD-49C6-A4E1-B59A064E90FA}.Release|Any CPU.ActiveCfg = Release|Any CPU
		{49650B9D-EBAD-49C6-A4E1-B59A064E90FA}.Release|Any CPU.Build.0 = Release|Any CPU
		{8AD58A93-A709-416D-963E-16473A865EEC}.Debug|Any CPU.ActiveCfg = Debug|Any CPU
		{8AD58A93-A709-416D-963E-16473A865EEC}.Debug|Any CPU.Build.0 = Debug|Any CPU
		{8AD58A93-A709-416D-963E-16473A865EEC}.Release|Any CPU.ActiveCfg = Release|Any CPU
		{8AD58A93-A709-416D-963E-16473A865EEC}.Release|Any CPU.Build.0 = Release|Any CPU
		{DC69EC0A-5D52-4076-8090-C78B445E5C70}.Debug|Any CPU.ActiveCfg = Debug|Any CPU
		{DC69EC0A-5D52-4076-8090-C78B445E5C70}.Debug|Any CPU.Build.0 = Debug|Any CPU
		{DC69EC0A-5D52-4076-8090-C78B445E5C70}.Release|Any CPU.ActiveCfg = Release|Any CPU
		{DC69EC0A-5D52-4076-8090-C78B445E5C70}.Release|Any CPU.Build.0 = Release|Any CPU
		{99E4E95A-325E-4C96-821E-44F5CBAACEEC}.Debug|Any CPU.ActiveCfg = Debug|Any CPU
		{99E4E95A-325E-4C96-821E-44F5CBAACEEC}.Debug|Any CPU.Build.0 = Debug|Any CPU
		{99E4E95A-325E-4C96-821E-44F5CBAACEEC}.Release|Any CPU.ActiveCfg = Release|Any CPU
		{99E4E95A-325E-4C96-821E-44F5CBAACEEC}.Release|Any CPU.Build.0 = Release|Any CPU
		{933FCD81-737B-499F-A1F9-964289B8CF20}.Debug|Any CPU.ActiveCfg = Debug|Any CPU
		{933FCD81-737B-499F-A1F9-964289B8CF20}.Debug|Any CPU.Build.0 = Debug|Any CPU
		{933FCD81-737B-499F-A1F9-964289B8CF20}.Release|Any CPU.ActiveCfg = Release|Any CPU
		{933FCD81-737B-499F-A1F9-964289B8CF20}.Release|Any CPU.Build.0 = Release|Any CPU
	EndGlobalSection
	GlobalSection(SolutionProperties) = preSolution
		HideSolutionNode = FALSE
	EndGlobalSection
	GlobalSection(NestedProjects) = preSolution
		{732178B8-A354-486E-8876-7AAEE4674966} = {16B14F30-155A-4382-9FC3-8A266DDCAACA}
		{E2AB4F3F-C22A-4459-802F-9AADA83CB6FB} = {16B14F30-155A-4382-9FC3-8A266DDCAACA}
		{075980B1-49E4-477C-9D37-8A685D0B1B5D} = {766B391A-F046-44A1-8DB2-C929BFEC0AD4}
		{4B82B9B6-47A2-4304-8C12-785B23759EF3} = {65433F1E-4695-4170-A460-D37132C01CA7}
		{49650B9D-EBAD-49C6-A4E1-B59A064E90FA} = {29270270-E535-4B22-AC27-6578598262BF}
		{8AD58A93-A709-416D-963E-16473A865EEC} = {525221E1-188F-4D49-B33E-BF757CE6C43C}
		{DC69EC0A-5D52-4076-8090-C78B445E5C70} = {525221E1-188F-4D49-B33E-BF757CE6C43C}
		{99E4E95A-325E-4C96-821E-44F5CBAACEEC} = {525221E1-188F-4D49-B33E-BF757CE6C43C}
		{933FCD81-737B-499F-A1F9-964289B8CF20} = {766B391A-F046-44A1-8DB2-C929BFEC0AD4}
	EndGlobalSection
EndGlobal
